{
  "name": "h-share",
  "version": "0.0.1",
  "lockfileVersion": 1,
  "requires": true,
  "dependencies": {
    "happy-ua": {
      "version": "1.0.3",
      "resolved": "https://registry.npmjs.org/happy-ua/-/happy-ua-1.0.3.tgz",
      "integrity": "sha512-JqQorbHczXDnjkKq9otKSdzxxrabWEGruEI1RP4TJj9kbOdr/EXJXMyCBdKdMebm3fso/1bttlhIIF6W1Mbecw=="
    }
  }
}
